
Microsoft Visual Studio Solution File, Format Version 12.00
# Visual Studio Version 17
VisualStudioVersion = 17.7.34031.279
MinimumVisualStudioVersion = 10.0.40219.1
Project("{FAE04EC0-301F-11D3-BF4B-00C04F79EFBC}") = "Web_Parser", "Web_Parser\Web_Parser.csproj", "{835D533B-D782-4557-92AE-ECD58A22921B}"
EndProject
Global
	GlobalSection(SolutionConfigurationPlatforms) = preSolution
		Debug|Any CPU = Debug|Any CPU
		Release|Any CPU = Release|Any CPU
	EndGlobalSection
	GlobalSection(ProjectConfigurationPlatforms) = postSolution
		{835D533B-D782-4557-92AE-ECD58A22921B}.Debug|Any CPU.ActiveCfg = Debug|Any CPU
		{835D533B-D782-4557-92AE-ECD58A22921B}.Debug|Any CPU.Build.0 = Debug|Any CPU
		{835D533B-D782-4557-92AE-ECD58A22921B}.Release|Any CPU.ActiveCfg = Release|Any CPU
		{835D533B-D782-4557-92AE-ECD58A22921B}.Release|Any CPU.Build.0 = Release|Any CPU
	EndGlobalSection
	GlobalSection(SolutionProperties) = preSolution
		HideSolutionNode = FALSE
	EndGlobalSection
	GlobalSection(ExtensibilityGlobals) = postSolution
		SolutionGuid = {1B6628E7-5921-465A-986B-4B8BA15A680A}
	EndGlobalSection
EndGlobal
